
Microsoft Visual Studio Solution File, Format Version 12.00
# Visual Studio Version 16
VisualStudioVersion = 16.0.30309.148
MinimumVisualStudioVersion = 10.0.40219.1
Project("{00D1A9C2-B5F0-4AF3-8072-F6C62B433612}") = "BandCamsDB", "src\BandCamsDB\BandCamsDB.sqlproj", "{7300916A-DBCF-4B0F-807C-46145F6F0CBC}"
EndProject
Project("{2150E333-8FDC-42A3-9474-1A3956D46DE8}") = "BandCamsDAL", "BandCamsDAL", "{408F5D60-2F3E-418F-B0C2-54A0F06BB1D5}"
EndProject
Project("{2150E333-8FDC-42A3-9474-1A3956D46DE8}") = "Tests", "Tests", "{E554B77D-7B0B-4EE3-A0F7-A0146093EB58}"
EndProject
Project("{9A19103F-16F7-4668-BE54-9A1E7A4F7556}") = "Shared", "src\Shared\Shared.csproj", "{ED716459-6B54-4930-BD0E-A8F5CFACFBBF}"
EndProject
Project("{9A19103F-16F7-4668-BE54-9A1E7A4F7556}") = "RestAPI", "src\RestAPI\RestAPI.csproj", "{CCA9F921-1F9C-46C8-A2DD-1FFFD6E78F33}"
EndProject
Project("{9A19103F-16F7-4668-BE54-9A1E7A4F7556}") = "QueueHelper", "src\QueueHelper\QueueHelper.csproj", "{1E2B9A7E-3FE2-4315-A798-FD88637B3320}"
EndProject
Project("{9A19103F-16F7-4668-BE54-9A1E7A4F7556}") = "DatabaseAccess", "src\DatabaseAccess\DatabaseAccess.csproj", "{2182DD4E-8E87-481F-89E1-7291DB9EB218}"
EndProject
Project("{9A19103F-16F7-4668-BE54-9A1E7A4F7556}") = "DatabaseAccess.UnitTests", "test\DatabaseAccess.UnitTests\DatabaseAccess.UnitTests.csproj", "{12AB8640-4EB3-4878-908C-0A3C3B4466C2}"
EndProject
Project("{9A19103F-16F7-4668-BE54-9A1E7A4F7556}") = "QueueHelper.UnitTests", "test\QueueHelper.UnitTests\QueueHelper.UnitTests.csproj", "{DFCD4754-2345-44F4-AC07-A76D70CC3AA2}"
EndProject
Project("{9A19103F-16F7-4668-BE54-9A1E7A4F7556}") = "RestAPI.IntegrationTests", "test\RestAPI.IntegrationTests\RestAPI.IntegrationTests.csproj", "{5DB13371-B460-4674-9982-8B466E032A39}"
EndProject
Project("{9A19103F-16F7-4668-BE54-9A1E7A4F7556}") = "RestAPI.UnitTests", "test\RestAPI.UnitTests\RestAPI.UnitTests.csproj", "{57BE03E9-88D7-4AC0-9A37-22714144869F}"
EndProject
Project("{9A19103F-16F7-4668-BE54-9A1E7A4F7556}") = "Shared.UnitTests", "test\Shared.UnitTests\Shared.UnitTests.csproj", "{D2089C0F-9317-44C4-A083-2FB71FC34BC4}"
EndProject
Project("{9A19103F-16F7-4668-BE54-9A1E7A4F7556}") = "ApiHelper", "src\ApiHelper\ApiHelper.csproj", "{B87A9FB5-2738-4FE9-9525-0209E05E9132}"
EndProject
Project("{2150E333-8FDC-42A3-9474-1A3956D46DE8}") = "BandCamsApiHelper", "BandCamsApiHelper", "{DD61AD12-7305-4BD5-9927-3054FC55A111}"
EndProject
Project("{2150E333-8FDC-42A3-9474-1A3956D46DE8}") = "Tests", "Tests", "{2CB27F0E-837C-45EE-BCF7-C3762C25918E}"
EndProject
Project("{9A19103F-16F7-4668-BE54-9A1E7A4F7556}") = "ApiHelper.Tests", "test\ApiHelper.Tests\ApiHelper.Tests.csproj", "{8074B977-A08F-4792-BFD8-32515DE93BC2}"
EndProject
Project("{9A19103F-16F7-4668-BE54-9A1E7A4F7556}") = "Scheduler", "src\Scheduler\Scheduler.csproj", "{A82A6A09-7C91-42BD-B8DE-F68C2B33E132}"
EndProject
Project("{2150E333-8FDC-42A3-9474-1A3956D46DE8}") = "BandCamsWebUI", "BandCamsWebUI", "{2A93F1AC-958D-48A2-BF46-CDBBC6D2D13D}"
EndProject
Project("{2150E333-8FDC-42A3-9474-1A3956D46DE8}") = "Tests", "Tests", "{C5879234-B8CC-4F53-A90A-287E6CD602A1}"
EndProject
Project("{9A19103F-16F7-4668-BE54-9A1E7A4F7556}") = "WebUI.Library", "src\WebUI.Library\WebUI.Library.csproj", "{3B92746A-2565-4724-ADA3-07A133157BEF}"
EndProject
Project("{9A19103F-16F7-4668-BE54-9A1E7A4F7556}") = "WebUI", "src\WebUI\WebUI.csproj", "{0C0804BB-3AF8-4B50-B80D-E239833CFF3C}"
EndProject
Project("{9A19103F-16F7-4668-BE54-9A1E7A4F7556}") = "WebUI.Tests", "test\WebUI.Tests\WebUI.Tests.csproj", "{06F6B7BA-C4E1-4D73-88F7-7F16E1AEE069}"
EndProject
Project("{9A19103F-16F7-4668-BE54-9A1E7A4F7556}") = "WebUI.Library.Tests", "test\WebUI.Library.Tests\WebUI.Library.Tests.csproj", "{B32FA3AC-72EF-4824-AD8E-C282F447EE58}"
EndProject
Global
	GlobalSection(SolutionConfigurationPlatforms) = preSolution
		Debug|Any CPU = Debug|Any CPU
		Release|Any CPU = Release|Any CPU
	EndGlobalSection
	GlobalSection(ProjectConfigurationPlatforms) = postSolution
		{7300916A-DBCF-4B0F-807C-46145F6F0CBC}.Debug|Any CPU.ActiveCfg = Debug|Any CPU
		{7300916A-DBCF-4B0F-807C-46145F6F0CBC}.Debug|Any CPU.Deploy.0 = Debug|Any CPU
		{7300916A-DBCF-4B0F-807C-46145F6F0CBC}.Release|Any CPU.ActiveCfg = Release|Any CPU
		{7300916A-DBCF-4B0F-807C-46145F6F0CBC}.Release|Any CPU.Build.0 = Release|Any CPU
		{7300916A-DBCF-4B0F-807C-46145F6F0CBC}.Release|Any CPU.Deploy.0 = Release|Any CPU
		{ED716459-6B54-4930-BD0E-A8F5CFACFBBF}.Debug|Any CPU.ActiveCfg = Debug|Any CPU
		{ED716459-6B54-4930-BD0E-A8F5CFACFBBF}.Debug|Any CPU.Build.0 = Debug|Any CPU
		{ED716459-6B54-4930-BD0E-A8F5CFACFBBF}.Release|Any CPU.ActiveCfg = Release|Any CPU
		{ED716459-6B54-4930-BD0E-A8F5CFACFBBF}.Release|Any CPU.Build.0 = Release|Any CPU
		{CCA9F921-1F9C-46C8-A2DD-1FFFD6E78F33}.Debug|Any CPU.ActiveCfg = Debug|Any CPU
		{CCA9F921-1F9C-46C8-A2DD-1FFFD6E78F33}.Debug|Any CPU.Build.0 = Debug|Any CPU
		{CCA9F921-1F9C-46C8-A2DD-1FFFD6E78F33}.Release|Any CPU.ActiveCfg = Release|Any CPU
		{CCA9F921-1F9C-46C8-A2DD-1FFFD6E78F33}.Release|Any CPU.Build.0 = Release|Any CPU
		{1E2B9A7E-3FE2-4315-A798-FD88637B3320}.Debug|Any CPU.ActiveCfg = Debug|Any CPU
		{1E2B9A7E-3FE2-4315-A798-FD88637B3320}.Debug|Any CPU.Build.0 = Debug|Any CPU
		{1E2B9A7E-3FE2-4315-A798-FD88637B3320}.Release|Any CPU.ActiveCfg = Release|Any CPU
		{1E2B9A7E-3FE2-4315-A798-FD88637B3320}.Release|Any CPU.Build.0 = Release|Any CPU
		{2182DD4E-8E87-481F-89E1-7291DB9EB218}.Debug|Any CPU.ActiveCfg = Debug|Any CPU
		{2182DD4E-8E87-481F-89E1-7291DB9EB218}.Debug|Any CPU.Build.0 = Debug|Any CPU
		{2182DD4E-8E87-481F-89E1-7291DB9EB218}.Release|Any CPU.ActiveCfg = Release|Any CPU
		{2182DD4E-8E87-481F-89E1-7291DB9EB218}.Release|Any CPU.Build.0 = Release|Any CPU
		{12AB8640-4EB3-4878-908C-0A3C3B4466C2}.Debug|Any CPU.ActiveCfg = Debug|Any CPU
		{12AB8640-4EB3-4878-908C-0A3C3B4466C2}.Debug|Any CPU.Build.0 = Debug|Any CPU
		{12AB8640-4EB3-4878-908C-0A3C3B4466C2}.Release|Any CPU.ActiveCfg = Release|Any CPU
		{12AB8640-4EB3-4878-908C-0A3C3B4466C2}.Release|Any CPU.Build.0 = Release|Any CPU
		{DFCD4754-2345-44F4-AC07-A76D70CC3AA2}.Debug|Any CPU.ActiveCfg = Debug|Any CPU
		{DFCD4754-2345-44F4-AC07-A76D70CC3AA2}.Debug|Any CPU.Build.0 = Debug|Any CPU
		{DFCD4754-2345-44F4-AC07-A76D70CC3AA2}.Release|Any CPU.ActiveCfg = Release|Any CPU
		{DFCD4754-2345-44F4-AC07-A76D70CC3AA2}.Release|Any CPU.Build.0 = Release|Any CPU
		{5DB13371-B460-4674-9982-8B466E032A39}.Debug|Any CPU.ActiveCfg = Debug|Any CPU
		{5DB13371-B460-4674-9982-8B466E032A39}.Debug|Any CPU.Build.0 = Debug|Any CPU
		{5DB13371-B460-4674-9982-8B466E032A39}.Release|Any CPU.ActiveCfg = Release|Any CPU
		{5DB13371-B460-4674-9982-8B466E032A39}.Release|Any CPU.Build.0 = Release|Any CPU
		{57BE03E9-88D7-4AC0-9A37-22714144869F}.Debug|Any CPU.ActiveCfg = Debug|Any CPU
		{57BE03E9-88D7-4AC0-9A37-22714144869F}.Debug|Any CPU.Build.0 = Debug|Any CPU
		{57BE03E9-88D7-4AC0-9A37-22714144869F}.Release|Any CPU.ActiveCfg = Release|Any CPU
		{57BE03E9-88D7-4AC0-9A37-22714144869F}.Release|Any CPU.Build.0 = Release|Any CPU
		{D2089C0F-9317-44C4-A083-2FB71FC34BC4}.Debug|Any CPU.ActiveCfg = Debug|Any CPU
		{D2089C0F-9317-44C4-A083-2FB71FC34BC4}.Debug|Any CPU.Build.0 = Debug|Any CPU
		{D2089C0F-9317-44C4-A083-2FB71FC34BC4}.Release|Any CPU.ActiveCfg = Release|Any CPU
		{D2089C0F-9317-44C4-A083-2FB71FC34BC4}.Release|Any CPU.Build.0 = Release|Any CPU
		{B87A9FB5-2738-4FE9-9525-0209E05E9132}.Debug|Any CPU.ActiveCfg = Debug|Any CPU
		{B87A9FB5-2738-4FE9-9525-0209E05E9132}.Debug|Any CPU.Build.0 = Debug|Any CPU
		{B87A9FB5-2738-4FE9-9525-0209E05E9132}.Release|Any CPU.ActiveCfg = Release|Any CPU
		{B87A9FB5-2738-4FE9-9525-0209E05E9132}.Release|Any CPU.Build.0 = Release|Any CPU
		{8074B977-A08F-4792-BFD8-32515DE93BC2}.Debug|Any CPU.ActiveCfg = Debug|Any CPU
		{8074B977-A08F-4792-BFD8-32515DE93BC2}.Debug|Any CPU.Build.0 = Debug|Any CPU
		{8074B977-A08F-4792-BFD8-32515DE93BC2}.Release|Any CPU.ActiveCfg = Release|Any CPU
		{8074B977-A08F-4792-BFD8-32515DE93BC2}.Release|Any CPU.Build.0 = Release|Any CPU
		{A82A6A09-7C91-42BD-B8DE-F68C2B33E132}.Debug|Any CPU.ActiveCfg = Debug|Any CPU
		{A82A6A09-7C91-42BD-B8DE-F68C2B33E132}.Debug|Any CPU.Build.0 = Debug|Any CPU
		{A82A6A09-7C91-42BD-B8DE-F68C2B33E132}.Release|Any CPU.ActiveCfg = Release|Any CPU
		{A82A6A09-7C91-42BD-B8DE-F68C2B33E132}.Release|Any CPU.Build.0 = Release|Any CPU
		{3B92746A-2565-4724-ADA3-07A133157BEF}.Debug|Any CPU.ActiveCfg = Debug|Any CPU
		{3B92746A-2565-4724-ADA3-07A133157BEF}.Debug|Any CPU.Build.0 = Debug|Any CPU
		{3B92746A-2565-4724-ADA3-07A133157BEF}.Release|Any CPU.ActiveCfg = Release|Any CPU
		{3B92746A-2565-4724-ADA3-07A133157BEF}.Release|Any CPU.Build.0 = Release|Any CPU
		{0C0804BB-3AF8-4B50-B80D-E239833CFF3C}.Debug|Any CPU.ActiveCfg = Debug|Any CPU
		{0C0804BB-3AF8-4B50-B80D-E239833CFF3C}.Debug|Any CPU.Build.0 = Debug|Any CPU
		{0C0804BB-3AF8-4B50-B80D-E239833CFF3C}.Release|Any CPU.ActiveCfg = Release|Any CPU
		{0C0804BB-3AF8-4B50-B80D-E239833CFF3C}.Release|Any CPU.Build.0 = Release|Any CPU
		{06F6B7BA-C4E1-4D73-88F7-7F16E1AEE069}.Debug|Any CPU.ActiveCfg = Debug|Any CPU
		{06F6B7BA-C4E1-4D73-88F7-7F16E1AEE069}.Debug|Any CPU.Build.0 = Debug|Any CPU
		{06F6B7BA-C4E1-4D73-88F7-7F16E1AEE069}.Release|Any CPU.ActiveCfg = Release|Any CPU
		{06F6B7BA-C4E1-4D73-88F7-7F16E1AEE069}.Release|Any CPU.Build.0 = Release|Any CPU
		{B32FA3AC-72EF-4824-AD8E-C282F447EE58}.Debug|Any CPU.ActiveCfg = Debug|Any CPU
		{B32FA3AC-72EF-4824-AD8E-C282F447EE58}.Debug|Any CPU.Build.0 = Debug|Any CPU
		{B32FA3AC-72EF-4824-AD8E-C282F447EE58}.Release|Any CPU.ActiveCfg = Release|Any CPU
		{B32FA3AC-72EF-4824-AD8E-C282F447EE58}.Release|Any CPU.Build.0 = Release|Any CPU
	EndGlobalSection
	GlobalSection(SolutionProperties) = preSolution
		HideSolutionNode = FALSE
	EndGlobalSection
	GlobalSection(NestedProjects) = preSolution
		{E554B77D-7B0B-4EE3-A0F7-A0146093EB58} = {408F5D60-2F3E-418F-B0C2-54A0F06BB1D5}
		{ED716459-6B54-4930-BD0E-A8F5CFACFBBF} = {408F5D60-2F3E-418F-B0C2-54A0F06BB1D5}
		{CCA9F921-1F9C-46C8-A2DD-1FFFD6E78F33} = {408F5D60-2F3E-418F-B0C2-54A0F06BB1D5}
		{1E2B9A7E-3FE2-4315-A798-FD88637B3320} = {408F5D60-2F3E-418F-B0C2-54A0F06BB1D5}
		{2182DD4E-8E87-481F-89E1-7291DB9EB218} = {408F5D60-2F3E-418F-B0C2-54A0F06BB1D5}
		{12AB8640-4EB3-4878-908C-0A3C3B4466C2} = {E554B77D-7B0B-4EE3-A0F7-A0146093EB58}
		{DFCD4754-2345-44F4-AC07-A76D70CC3AA2} = {E554B77D-7B0B-4EE3-A0F7-A0146093EB58}
		{5DB13371-B460-4674-9982-8B466E032A39} = {E554B77D-7B0B-4EE3-A0F7-A0146093EB58}
		{57BE03E9-88D7-4AC0-9A37-22714144869F} = {E554B77D-7B0B-4EE3-A0F7-A0146093EB58}
		{D2089C0F-9317-44C4-A083-2FB71FC34BC4} = {E554B77D-7B0B-4EE3-A0F7-A0146093EB58}
		{B87A9FB5-2738-4FE9-9525-0209E05E9132} = {DD61AD12-7305-4BD5-9927-3054FC55A111}
		{2CB27F0E-837C-45EE-BCF7-C3762C25918E} = {DD61AD12-7305-4BD5-9927-3054FC55A111}
		{8074B977-A08F-4792-BFD8-32515DE93BC2} = {2CB27F0E-837C-45EE-BCF7-C3762C25918E}
		{C5879234-B8CC-4F53-A90A-287E6CD602A1} = {2A93F1AC-958D-48A2-BF46-CDBBC6D2D13D}
		{3B92746A-2565-4724-ADA3-07A133157BEF} = {2A93F1AC-958D-48A2-BF46-CDBBC6D2D13D}
		{0C0804BB-3AF8-4B50-B80D-E239833CFF3C} = {2A93F1AC-958D-48A2-BF46-CDBBC6D2D13D}
		{06F6B7BA-C4E1-4D73-88F7-7F16E1AEE069} = {C5879234-B8CC-4F53-A90A-287E6CD602A1}
		{B32FA3AC-72EF-4824-AD8E-C282F447EE58} = {C5879234-B8CC-4F53-A90A-287E6CD602A1}
	EndGlobalSection
	GlobalSection(ExtensibilityGlobals) = postSolution
		SolutionGuid = {2F959C10-D56E-4725-9A9A-75B047B90D12}
	EndGlobalSection
EndGlobal
