
Microsoft Visual Studio Solution File, Format Version 12.00
# Visual Studio Version 16
VisualStudioVersion = 16.0.30114.105
MinimumVisualStudioVersion = 10.0.40219.1
Project("{2150E333-8FDC-42A3-9474-1A3956D46DE8}") = "BandCamsApiHelper", "BandCamsApiHelper", "{4AEFA39D-AE40-4149-AD55-BFB451F177A6}"
EndProject
Project("{2150E333-8FDC-42A3-9474-1A3956D46DE8}") = "BandCamsDAL", "BandCamsDAL", "{D7EF3024-EC93-4969-89D5-0E7BC1514BBD}"
EndProject
Project("{2150E333-8FDC-42A3-9474-1A3956D46DE8}") = "BandCamsScheduler", "BandCamsScheduler", "{411F4C2D-4E3B-42D3-9E69-1D65648AB790}"
EndProject
Project("{2150E333-8FDC-42A3-9474-1A3956D46DE8}") = "BandCamsWebUI", "BandCamsWebUI", "{1799FEDE-CC9E-48F8-A18C-A43A2FECFA5D}"
EndProject
Project("{9A19103F-16F7-4668-BE54-9A1E7A4F7556}") = "ApiHelper", "BandCamsApiHelper\ApiHelper\ApiHelper.csproj", "{5093C712-D261-46CD-9BE1-C2C0AFA65710}"
EndProject
Project("{2150E333-8FDC-42A3-9474-1A3956D46DE8}") = "Tests", "Tests", "{FA762074-620A-4A43-8BD9-649D65B7D8E4}"
EndProject
Project("{9A19103F-16F7-4668-BE54-9A1E7A4F7556}") = "ApiHelper.Tests", "BandCamsApiHelper\ApiHelper.Tests\ApiHelper.Tests.csproj", "{B6BBF59B-4BC3-4B1C-8818-13D1B1FE33C9}"
EndProject
Project("{9A19103F-16F7-4668-BE54-9A1E7A4F7556}") = "DatabaseAccess", "BandCamsDAL\DatabaseAccess\DatabaseAccess.csproj", "{3ABB34D5-454B-4FED-89B2-2AAF4ED4FD25}"
EndProject
Project("{2150E333-8FDC-42A3-9474-1A3956D46DE8}") = "Tests", "Tests", "{291AC840-48C6-46E0-A5A4-6E10C4C0E678}"
EndProject
Project("{9A19103F-16F7-4668-BE54-9A1E7A4F7556}") = "DatabaseAccess.UnitTests", "BandCamsDAL\DatabaseAccess.UnitTests\DatabaseAccess.UnitTests.csproj", "{2188DBA9-5559-4C31-A4A0-AF7E442F72C0}"
EndProject
Project("{9A19103F-16F7-4668-BE54-9A1E7A4F7556}") = "QueueHelper", "BandCamsDAL\QueueHelper\QueueHelper.csproj", "{1BBCB25D-46B9-4782-B84E-3E6329FFAC34}"
EndProject
Project("{9A19103F-16F7-4668-BE54-9A1E7A4F7556}") = "QueueHelper.UnitTests", "BandCamsDAL\QueueHelper.UnitTests\QueueHelper.UnitTests.csproj", "{76FB1B06-9361-4E8A-A13E-4C9CFCAA6028}"
EndProject
Project("{9A19103F-16F7-4668-BE54-9A1E7A4F7556}") = "RestAPI", "BandCamsDAL\RestAPI\RestAPI.csproj", "{85DF22D7-AA63-401D-AD4A-196A2FE44D95}"
EndProject
Project("{9A19103F-16F7-4668-BE54-9A1E7A4F7556}") = "RestAPI.IntegrationTests", "BandCamsDAL\RestAPI.IntegrationTests\RestAPI.IntegrationTests.csproj", "{25CFCD43-0D5C-4E88-BCE9-2BBD4E1A03D5}"
EndProject
Project("{9A19103F-16F7-4668-BE54-9A1E7A4F7556}") = "RestAPI.UnitTests", "BandCamsDAL\RestAPI.UnitTests\RestAPI.UnitTests.csproj", "{32D83580-66C8-4765-B457-FF1F6C408147}"
EndProject
Project("{9A19103F-16F7-4668-BE54-9A1E7A4F7556}") = "Shared", "BandCamsDAL\Shared\Shared.csproj", "{F3D6356A-F811-468D-81FF-BB4BF6168726}"
EndProject
Project("{9A19103F-16F7-4668-BE54-9A1E7A4F7556}") = "Shared.UnitTests", "BandCamsDAL\Shared.UnitTests\Shared.UnitTests.csproj", "{6247A000-4EBF-4E56-9289-6153BF920C10}"
EndProject
Project("{9A19103F-16F7-4668-BE54-9A1E7A4F7556}") = "Scheduler", "BandCamsScheduler\Scheduler.csproj", "{ABC7A802-AC3E-4851-ACC9-AEE351320757}"
EndProject
Project("{2150E333-8FDC-42A3-9474-1A3956D46DE8}") = "Tests", "Tests", "{1C9400FB-C820-419D-9E23-5B15EE7E1832}"
EndProject
Project("{9A19103F-16F7-4668-BE54-9A1E7A4F7556}") = "WebUI.Library", "BandCamsWebUI\WebUI.Library\WebUI.Library.csproj", "{C1D7040E-7C84-449B-8187-5424373A0BC7}"
EndProject
Project("{9A19103F-16F7-4668-BE54-9A1E7A4F7556}") = "WebUI.Library.Tests", "BandCamsWebUI\WebUI.Library.Tests\WebUI.Library.Tests.csproj", "{E23A925E-FBF1-4FE1-9D19-3515D5C7AEAC}"
EndProject
Project("{9A19103F-16F7-4668-BE54-9A1E7A4F7556}") = "WebUI", "BandCamsWebUI\WebUI\WebUI.csproj", "{FE9CC4FB-19B5-49EA-8065-2A71994AB202}"
EndProject
Project("{9A19103F-16F7-4668-BE54-9A1E7A4F7556}") = "WebUI.Tests", "BandCamsWebUI\WebUI.Tests\WebUI.Tests.csproj", "{979AED1D-56CF-4BC3-A157-84619CBEBA32}"
EndProject
Project("{00D1A9C2-B5F0-4AF3-8072-F6C62B433612}") = "BandCamsDB", "BandCamsDB\BandCamsDB.sqlproj", "{7300916A-DBCF-4B0F-807C-46145F6F0CBC}"
EndProject
Global
	GlobalSection(SolutionConfigurationPlatforms) = preSolution
		Debug|Any CPU = Debug|Any CPU
		Release|Any CPU = Release|Any CPU
	EndGlobalSection
	GlobalSection(ProjectConfigurationPlatforms) = postSolution
		{5093C712-D261-46CD-9BE1-C2C0AFA65710}.Debug|Any CPU.ActiveCfg = Debug|Any CPU
		{5093C712-D261-46CD-9BE1-C2C0AFA65710}.Debug|Any CPU.Build.0 = Debug|Any CPU
		{5093C712-D261-46CD-9BE1-C2C0AFA65710}.Release|Any CPU.ActiveCfg = Release|Any CPU
		{5093C712-D261-46CD-9BE1-C2C0AFA65710}.Release|Any CPU.Build.0 = Release|Any CPU
		{B6BBF59B-4BC3-4B1C-8818-13D1B1FE33C9}.Debug|Any CPU.ActiveCfg = Debug|Any CPU
		{B6BBF59B-4BC3-4B1C-8818-13D1B1FE33C9}.Debug|Any CPU.Build.0 = Debug|Any CPU
		{B6BBF59B-4BC3-4B1C-8818-13D1B1FE33C9}.Release|Any CPU.ActiveCfg = Release|Any CPU
		{B6BBF59B-4BC3-4B1C-8818-13D1B1FE33C9}.Release|Any CPU.Build.0 = Release|Any CPU
		{3ABB34D5-454B-4FED-89B2-2AAF4ED4FD25}.Debug|Any CPU.ActiveCfg = Debug|Any CPU
		{3ABB34D5-454B-4FED-89B2-2AAF4ED4FD25}.Debug|Any CPU.Build.0 = Debug|Any CPU
		{3ABB34D5-454B-4FED-89B2-2AAF4ED4FD25}.Release|Any CPU.ActiveCfg = Release|Any CPU
		{3ABB34D5-454B-4FED-89B2-2AAF4ED4FD25}.Release|Any CPU.Build.0 = Release|Any CPU
		{2188DBA9-5559-4C31-A4A0-AF7E442F72C0}.Debug|Any CPU.ActiveCfg = Debug|Any CPU
		{2188DBA9-5559-4C31-A4A0-AF7E442F72C0}.Debug|Any CPU.Build.0 = Debug|Any CPU
		{2188DBA9-5559-4C31-A4A0-AF7E442F72C0}.Release|Any CPU.ActiveCfg = Release|Any CPU
		{2188DBA9-5559-4C31-A4A0-AF7E442F72C0}.Release|Any CPU.Build.0 = Release|Any CPU
		{1BBCB25D-46B9-4782-B84E-3E6329FFAC34}.Debug|Any CPU.ActiveCfg = Debug|Any CPU
		{1BBCB25D-46B9-4782-B84E-3E6329FFAC34}.Debug|Any CPU.Build.0 = Debug|Any CPU
		{1BBCB25D-46B9-4782-B84E-3E6329FFAC34}.Release|Any CPU.ActiveCfg = Release|Any CPU
		{1BBCB25D-46B9-4782-B84E-3E6329FFAC34}.Release|Any CPU.Build.0 = Release|Any CPU
		{76FB1B06-9361-4E8A-A13E-4C9CFCAA6028}.Debug|Any CPU.ActiveCfg = Debug|Any CPU
		{76FB1B06-9361-4E8A-A13E-4C9CFCAA6028}.Debug|Any CPU.Build.0 = Debug|Any CPU
		{76FB1B06-9361-4E8A-A13E-4C9CFCAA6028}.Release|Any CPU.ActiveCfg = Release|Any CPU
		{76FB1B06-9361-4E8A-A13E-4C9CFCAA6028}.Release|Any CPU.Build.0 = Release|Any CPU
		{85DF22D7-AA63-401D-AD4A-196A2FE44D95}.Debug|Any CPU.ActiveCfg = Debug|Any CPU
		{85DF22D7-AA63-401D-AD4A-196A2FE44D95}.Debug|Any CPU.Build.0 = Debug|Any CPU
		{85DF22D7-AA63-401D-AD4A-196A2FE44D95}.Release|Any CPU.ActiveCfg = Release|Any CPU
		{85DF22D7-AA63-401D-AD4A-196A2FE44D95}.Release|Any CPU.Build.0 = Release|Any CPU
		{25CFCD43-0D5C-4E88-BCE9-2BBD4E1A03D5}.Debug|Any CPU.ActiveCfg = Debug|Any CPU
		{25CFCD43-0D5C-4E88-BCE9-2BBD4E1A03D5}.Debug|Any CPU.Build.0 = Debug|Any CPU
		{25CFCD43-0D5C-4E88-BCE9-2BBD4E1A03D5}.Release|Any CPU.ActiveCfg = Release|Any CPU
		{25CFCD43-0D5C-4E88-BCE9-2BBD4E1A03D5}.Release|Any CPU.Build.0 = Release|Any CPU
		{32D83580-66C8-4765-B457-FF1F6C408147}.Debug|Any CPU.ActiveCfg = Debug|Any CPU
		{32D83580-66C8-4765-B457-FF1F6C408147}.Debug|Any CPU.Build.0 = Debug|Any CPU
		{32D83580-66C8-4765-B457-FF1F6C408147}.Release|Any CPU.ActiveCfg = Release|Any CPU
		{32D83580-66C8-4765-B457-FF1F6C408147}.Release|Any CPU.Build.0 = Release|Any CPU
		{F3D6356A-F811-468D-81FF-BB4BF6168726}.Debug|Any CPU.ActiveCfg = Debug|Any CPU
		{F3D6356A-F811-468D-81FF-BB4BF6168726}.Debug|Any CPU.Build.0 = Debug|Any CPU
		{F3D6356A-F811-468D-81FF-BB4BF6168726}.Release|Any CPU.ActiveCfg = Release|Any CPU
		{F3D6356A-F811-468D-81FF-BB4BF6168726}.Release|Any CPU.Build.0 = Release|Any CPU
		{6247A000-4EBF-4E56-9289-6153BF920C10}.Debug|Any CPU.ActiveCfg = Debug|Any CPU
		{6247A000-4EBF-4E56-9289-6153BF920C10}.Debug|Any CPU.Build.0 = Debug|Any CPU
		{6247A000-4EBF-4E56-9289-6153BF920C10}.Release|Any CPU.ActiveCfg = Release|Any CPU
		{6247A000-4EBF-4E56-9289-6153BF920C10}.Release|Any CPU.Build.0 = Release|Any CPU
		{ABC7A802-AC3E-4851-ACC9-AEE351320757}.Debug|Any CPU.ActiveCfg = Debug|Any CPU
		{ABC7A802-AC3E-4851-ACC9-AEE351320757}.Debug|Any CPU.Build.0 = Debug|Any CPU
		{ABC7A802-AC3E-4851-ACC9-AEE351320757}.Release|Any CPU.ActiveCfg = Release|Any CPU
		{ABC7A802-AC3E-4851-ACC9-AEE351320757}.Release|Any CPU.Build.0 = Release|Any CPU
		{C1D7040E-7C84-449B-8187-5424373A0BC7}.Debug|Any CPU.ActiveCfg = Debug|Any CPU
		{C1D7040E-7C84-449B-8187-5424373A0BC7}.Debug|Any CPU.Build.0 = Debug|Any CPU
		{C1D7040E-7C84-449B-8187-5424373A0BC7}.Release|Any CPU.ActiveCfg = Release|Any CPU
		{C1D7040E-7C84-449B-8187-5424373A0BC7}.Release|Any CPU.Build.0 = Release|Any CPU
		{E23A925E-FBF1-4FE1-9D19-3515D5C7AEAC}.Debug|Any CPU.ActiveCfg = Debug|Any CPU
		{E23A925E-FBF1-4FE1-9D19-3515D5C7AEAC}.Debug|Any CPU.Build.0 = Debug|Any CPU
		{E23A925E-FBF1-4FE1-9D19-3515D5C7AEAC}.Release|Any CPU.ActiveCfg = Release|Any CPU
		{E23A925E-FBF1-4FE1-9D19-3515D5C7AEAC}.Release|Any CPU.Build.0 = Release|Any CPU
		{FE9CC4FB-19B5-49EA-8065-2A71994AB202}.Debug|Any CPU.ActiveCfg = Debug|Any CPU
		{FE9CC4FB-19B5-49EA-8065-2A71994AB202}.Debug|Any CPU.Build.0 = Debug|Any CPU
		{FE9CC4FB-19B5-49EA-8065-2A71994AB202}.Release|Any CPU.ActiveCfg = Release|Any CPU
		{FE9CC4FB-19B5-49EA-8065-2A71994AB202}.Release|Any CPU.Build.0 = Release|Any CPU
		{979AED1D-56CF-4BC3-A157-84619CBEBA32}.Debug|Any CPU.ActiveCfg = Debug|Any CPU
		{979AED1D-56CF-4BC3-A157-84619CBEBA32}.Debug|Any CPU.Build.0 = Debug|Any CPU
		{979AED1D-56CF-4BC3-A157-84619CBEBA32}.Release|Any CPU.ActiveCfg = Release|Any CPU
		{979AED1D-56CF-4BC3-A157-84619CBEBA32}.Release|Any CPU.Build.0 = Release|Any CPU
		{7300916A-DBCF-4B0F-807C-46145F6F0CBC}.Debug|Any CPU.ActiveCfg = Debug|Any CPU
		{7300916A-DBCF-4B0F-807C-46145F6F0CBC}.Release|Any CPU.ActiveCfg = Release|Any CPU
		{7300916A-DBCF-4B0F-807C-46145F6F0CBC}.Release|Any CPU.Build.0 = Release|Any CPU
		{7300916A-DBCF-4B0F-807C-46145F6F0CBC}.Release|Any CPU.Deploy.0 = Release|Any CPU
	EndGlobalSection
	GlobalSection(SolutionProperties) = preSolution
		HideSolutionNode = FALSE
	EndGlobalSection
	GlobalSection(NestedProjects) = preSolution
		{5093C712-D261-46CD-9BE1-C2C0AFA65710} = {4AEFA39D-AE40-4149-AD55-BFB451F177A6}
		{FA762074-620A-4A43-8BD9-649D65B7D8E4} = {4AEFA39D-AE40-4149-AD55-BFB451F177A6}
		{B6BBF59B-4BC3-4B1C-8818-13D1B1FE33C9} = {FA762074-620A-4A43-8BD9-649D65B7D8E4}
		{3ABB34D5-454B-4FED-89B2-2AAF4ED4FD25} = {D7EF3024-EC93-4969-89D5-0E7BC1514BBD}
		{291AC840-48C6-46E0-A5A4-6E10C4C0E678} = {D7EF3024-EC93-4969-89D5-0E7BC1514BBD}
		{2188DBA9-5559-4C31-A4A0-AF7E442F72C0} = {291AC840-48C6-46E0-A5A4-6E10C4C0E678}
		{1BBCB25D-46B9-4782-B84E-3E6329FFAC34} = {D7EF3024-EC93-4969-89D5-0E7BC1514BBD}
		{76FB1B06-9361-4E8A-A13E-4C9CFCAA6028} = {291AC840-48C6-46E0-A5A4-6E10C4C0E678}
		{85DF22D7-AA63-401D-AD4A-196A2FE44D95} = {D7EF3024-EC93-4969-89D5-0E7BC1514BBD}
		{25CFCD43-0D5C-4E88-BCE9-2BBD4E1A03D5} = {291AC840-48C6-46E0-A5A4-6E10C4C0E678}
		{32D83580-66C8-4765-B457-FF1F6C408147} = {291AC840-48C6-46E0-A5A4-6E10C4C0E678}
		{F3D6356A-F811-468D-81FF-BB4BF6168726} = {D7EF3024-EC93-4969-89D5-0E7BC1514BBD}
		{6247A000-4EBF-4E56-9289-6153BF920C10} = {291AC840-48C6-46E0-A5A4-6E10C4C0E678}
		{ABC7A802-AC3E-4851-ACC9-AEE351320757} = {411F4C2D-4E3B-42D3-9E69-1D65648AB790}
		{1C9400FB-C820-419D-9E23-5B15EE7E1832} = {1799FEDE-CC9E-48F8-A18C-A43A2FECFA5D}
		{C1D7040E-7C84-449B-8187-5424373A0BC7} = {1799FEDE-CC9E-48F8-A18C-A43A2FECFA5D}
		{E23A925E-FBF1-4FE1-9D19-3515D5C7AEAC} = {1C9400FB-C820-419D-9E23-5B15EE7E1832}
		{FE9CC4FB-19B5-49EA-8065-2A71994AB202} = {1799FEDE-CC9E-48F8-A18C-A43A2FECFA5D}
		{979AED1D-56CF-4BC3-A157-84619CBEBA32} = {1C9400FB-C820-419D-9E23-5B15EE7E1832}
	EndGlobalSection
	GlobalSection(ExtensibilityGlobals) = postSolution
		SolutionGuid = {3AAC1177-0AA1-4008-8FCB-354DE19EBFD8}
	EndGlobalSection
EndGlobal
